
Microsoft Visual Studio Solution File, Format Version 12.00
Project("{FAE04EC0-301F-11D3-BF4B-00C04F79EFBC}") = "Core", "Core\Core.csproj", "{FB482B5D-B794-4EE5-B33D-9C30872BEB56}"
EndProject
Project("{FAE04EC0-301F-11D3-BF4B-00C04F79EFBC}") = "Common", "Common\Common.csproj", "{F45334EF-EE92-42F0-9956-E9EDEEFC93D7}"
EndProject
Project("{FAE04EC0-301F-11D3-BF4B-00C04F79EFBC}") = "ApiGateway", "ApiGateway\ApiGateway.csproj", "{66A109DE-A2DA-4E33-AA67-23389043B569}"
EndProject
Project("{FAE04EC0-301F-11D3-BF4B-00C04F79EFBC}") = "FileStoringService", "FileStoringService\FileStoringService.csproj", "{BF141274-F2B3-4A15-96F5-2CC7959F02AD}"
EndProject
Project("{FAE04EC0-301F-11D3-BF4B-00C04F79EFBC}") = "FileAnalysisService", "FileAnalysisService\FileAnalysisService.csproj", "{79F07B98-C296-41AB-892D-7DAC63741A98}"
EndProject
Project("{FAE04EC0-301F-11D3-BF4B-00C04F79EFBC}") = "WordCloudService", "WordCloudService\WordCloudService.csproj", "{B93BEDF1-542C-4CEC-8180-076D3CC69EE7}"
EndProject
Project("{FAE04EC0-301F-11D3-BF4B-00C04F79EFBC}") = "ApiGateway.Tests", "ApiGateway.Tests\ApiGateway.Tests.csproj", "{8136D1BC-86F7-443E-AB34-F68CCF6FDAAC}"
EndProject
Project("{FAE04EC0-301F-11D3-BF4B-00C04F79EFBC}") = "FileStoringService.Tests", "FileStoringService.Tests\FileStoringService.Tests.csproj", "{2A3890EB-D2A2-40E5-B9DA-FC5A11BAC9DA}"
EndProject
Project("{FAE04EC0-301F-11D3-BF4B-00C04F79EFBC}") = "FileAnalysisService.Tests", "FileAnalysisService.Tests\FileAnalysisService.Tests.csproj", "{5E4521C1-6CA5-49AC-B681-D420E4359235}"
EndProject
Project("{FAE04EC0-301F-11D3-BF4B-00C04F79EFBC}") = "WordCloudService.Tests", "WordCloudService.Tests\WordCloudService.Tests.csproj", "{4232C293-F628-4B8F-A7FE-AE363C8786E9}"
EndProject
Global
	GlobalSection(SolutionConfigurationPlatforms) = preSolution
		Debug|Any CPU = Debug|Any CPU
		Release|Any CPU = Release|Any CPU
	EndGlobalSection
	GlobalSection(ProjectConfigurationPlatforms) = postSolution
		{FB482B5D-B794-4EE5-B33D-9C30872BEB56}.Debug|Any CPU.ActiveCfg = Debug|Any CPU
		{FB482B5D-B794-4EE5-B33D-9C30872BEB56}.Debug|Any CPU.Build.0 = Debug|Any CPU
		{FB482B5D-B794-4EE5-B33D-9C30872BEB56}.Release|Any CPU.ActiveCfg = Release|Any CPU
		{FB482B5D-B794-4EE5-B33D-9C30872BEB56}.Release|Any CPU.Build.0 = Release|Any CPU
		{F45334EF-EE92-42F0-9956-E9EDEEFC93D7}.Debug|Any CPU.ActiveCfg = Debug|Any CPU
		{F45334EF-EE92-42F0-9956-E9EDEEFC93D7}.Debug|Any CPU.Build.0 = Debug|Any CPU
		{F45334EF-EE92-42F0-9956-E9EDEEFC93D7}.Release|Any CPU.ActiveCfg = Release|Any CPU
		{F45334EF-EE92-42F0-9956-E9EDEEFC93D7}.Release|Any CPU.Build.0 = Release|Any CPU
		{66A109DE-A2DA-4E33-AA67-23389043B569}.Debug|Any CPU.ActiveCfg = Debug|Any CPU
		{66A109DE-A2DA-4E33-AA67-23389043B569}.Debug|Any CPU.Build.0 = Debug|Any CPU
		{66A109DE-A2DA-4E33-AA67-23389043B569}.Release|Any CPU.ActiveCfg = Release|Any CPU
		{66A109DE-A2DA-4E33-AA67-23389043B569}.Release|Any CPU.Build.0 = Release|Any CPU
		{BF141274-F2B3-4A15-96F5-2CC7959F02AD}.Debug|Any CPU.ActiveCfg = Debug|Any CPU
		{BF141274-F2B3-4A15-96F5-2CC7959F02AD}.Debug|Any CPU.Build.0 = Debug|Any CPU
		{BF141274-F2B3-4A15-96F5-2CC7959F02AD}.Release|Any CPU.ActiveCfg = Release|Any CPU
		{BF141274-F2B3-4A15-96F5-2CC7959F02AD}.Release|Any CPU.Build.0 = Release|Any CPU
		{79F07B98-C296-41AB-892D-7DAC63741A98}.Debug|Any CPU.ActiveCfg = Debug|Any CPU
		{79F07B98-C296-41AB-892D-7DAC63741A98}.Debug|Any CPU.Build.0 = Debug|Any CPU
		{79F07B98-C296-41AB-892D-7DAC63741A98}.Release|Any CPU.ActiveCfg = Release|Any CPU
		{79F07B98-C296-41AB-892D-7DAC63741A98}.Release|Any CPU.Build.0 = Release|Any CPU
		{B93BEDF1-542C-4CEC-8180-076D3CC69EE7}.Debug|Any CPU.ActiveCfg = Debug|Any CPU
		{B93BEDF1-542C-4CEC-8180-076D3CC69EE7}.Debug|Any CPU.Build.0 = Debug|Any CPU
		{B93BEDF1-542C-4CEC-8180-076D3CC69EE7}.Release|Any CPU.ActiveCfg = Release|Any CPU
		{B93BEDF1-542C-4CEC-8180-076D3CC69EE7}.Release|Any CPU.Build.0 = Release|Any CPU
		{8136D1BC-86F7-443E-AB34-F68CCF6FDAAC}.Debug|Any CPU.ActiveCfg = Debug|Any CPU
		{8136D1BC-86F7-443E-AB34-F68CCF6FDAAC}.Debug|Any CPU.Build.0 = Debug|Any CPU
		{8136D1BC-86F7-443E-AB34-F68CCF6FDAAC}.Release|Any CPU.ActiveCfg = Release|Any CPU
		{8136D1BC-86F7-443E-AB34-F68CCF6FDAAC}.Release|Any CPU.Build.0 = Release|Any CPU
		{2A3890EB-D2A2-40E5-B9DA-FC5A11BAC9DA}.Debug|Any CPU.ActiveCfg = Debug|Any CPU
		{2A3890EB-D2A2-40E5-B9DA-FC5A11BAC9DA}.Debug|Any CPU.Build.0 = Debug|Any CPU
		{2A3890EB-D2A2-40E5-B9DA-FC5A11BAC9DA}.Release|Any CPU.ActiveCfg = Release|Any CPU
		{2A3890EB-D2A2-40E5-B9DA-FC5A11BAC9DA}.Release|Any CPU.Build.0 = Release|Any CPU
		{5E4521C1-6CA5-49AC-B681-D420E4359235}.Debug|Any CPU.ActiveCfg = Debug|Any CPU
		{5E4521C1-6CA5-49AC-B681-D420E4359235}.Debug|Any CPU.Build.0 = Debug|Any CPU
		{5E4521C1-6CA5-49AC-B681-D420E4359235}.Release|Any CPU.ActiveCfg = Release|Any CPU
		{5E4521C1-6CA5-49AC-B681-D420E4359235}.Release|Any CPU.Build.0 = Release|Any CPU
		{4232C293-F628-4B8F-A7FE-AE363C8786E9}.Debug|Any CPU.ActiveCfg = Debug|Any CPU
		{4232C293-F628-4B8F-A7FE-AE363C8786E9}.Debug|Any CPU.Build.0 = Debug|Any CPU
		{4232C293-F628-4B8F-A7FE-AE363C8786E9}.Release|Any CPU.ActiveCfg = Release|Any CPU
		{4232C293-F628-4B8F-A7FE-AE363C8786E9}.Release|Any CPU.Build.0 = Release|Any CPU
	EndGlobalSection
EndGlobal
